
Microsoft Visual Studio Solution File, Format Version 12.00
# Visual Studio 2012
Project("{FAE04EC0-301F-11D3-BF4B-00C04F79EFBC}") = "GAExample.Android", "GAExample.Android\GAExample.Android.csproj", "{18502BB7-D2B3-4FE2-9D89-6F29E1ACEB33}"
EndProject
Project("{FAE04EC0-301F-11D3-BF4B-00C04F79EFBC}") = "GAExample.iOS", "GAExample.iOS\GAExample.iOS.csproj", "{8FF15C4B-84D7-4CF5-9032-C98FC0B0C58F}"
EndProject
Project("{FAE04EC0-301F-11D3-BF4B-00C04F79EFBC}") = "GAExample", "GAExample\GAExample.csproj", "{BC7C8CA6-B599-4F7E-BCA0-B9B6CFC677F8}"
EndProject
Global
	GlobalSection(SolutionConfigurationPlatforms) = preSolution
		Debug|Any CPU = Debug|Any CPU
		Release|Any CPU = Release|Any CPU
		Debug|iPhoneSimulator = Debug|iPhoneSimulator
		Release|iPhoneSimulator = Release|iPhoneSimulator
		Debug|iPhone = Debug|iPhone
		Release|iPhone = Release|iPhone
		Ad-Hoc|iPhone = Ad-Hoc|iPhone
		AppStore|iPhone = AppStore|iPhone
	EndGlobalSection
	GlobalSection(ProjectConfigurationPlatforms) = postSolution
		{18502BB7-D2B3-4FE2-9D89-6F29E1ACEB33}.Debug|Any CPU.ActiveCfg = Debug|Any CPU
		{18502BB7-D2B3-4FE2-9D89-6F29E1ACEB33}.Debug|Any CPU.Build.0 = Debug|Any CPU
		{18502BB7-D2B3-4FE2-9D89-6F29E1ACEB33}.Release|Any CPU.ActiveCfg = Release|Any CPU
		{18502BB7-D2B3-4FE2-9D89-6F29E1ACEB33}.Release|Any CPU.Build.0 = Release|Any CPU
		{18502BB7-D2B3-4FE2-9D89-6F29E1ACEB33}.Debug|iPhoneSimulator.ActiveCfg = Debug|Any CPU
		{18502BB7-D2B3-4FE2-9D89-6F29E1ACEB33}.Debug|iPhoneSimulator.Build.0 = Debug|Any CPU
		{18502BB7-D2B3-4FE2-9D89-6F29E1ACEB33}.Release|iPhoneSimulator.ActiveCfg = Release|Any CPU
		{18502BB7-D2B3-4FE2-9D89-6F29E1ACEB33}.Release|iPhoneSimulator.Build.0 = Release|Any CPU
		{18502BB7-D2B3-4FE2-9D89-6F29E1ACEB33}.Debug|iPhone.ActiveCfg = Debug|Any CPU
		{18502BB7-D2B3-4FE2-9D89-6F29E1ACEB33}.Debug|iPhone.Build.0 = Debug|Any CPU
		{18502BB7-D2B3-4FE2-9D89-6F29E1ACEB33}.Release|iPhone.ActiveCfg = Release|Any CPU
		{18502BB7-D2B3-4FE2-9D89-6F29E1ACEB33}.Release|iPhone.Build.0 = Release|Any CPU
		{18502BB7-D2B3-4FE2-9D89-6F29E1ACEB33}.Ad-Hoc|iPhone.ActiveCfg = Debug|Any CPU
		{18502BB7-D2B3-4FE2-9D89-6F29E1ACEB33}.Ad-Hoc|iPhone.Build.0 = Debug|Any CPU
		{18502BB7-D2B3-4FE2-9D89-6F29E1ACEB33}.AppStore|iPhone.ActiveCfg = Debug|Any CPU
		{18502BB7-D2B3-4FE2-9D89-6F29E1ACEB33}.AppStore|iPhone.Build.0 = Debug|Any CPU
		{8FF15C4B-84D7-4CF5-9032-C98FC0B0C58F}.Debug|Any CPU.ActiveCfg = Debug|iPhoneSimulator
		{8FF15C4B-84D7-4CF5-9032-C98FC0B0C58F}.Debug|Any CPU.Build.0 = Debug|iPhoneSimulator
		{8FF15C4B-84D7-4CF5-9032-C98FC0B0C58F}.Release|Any CPU.ActiveCfg = Release|iPhoneSimulator
		{8FF15C4B-84D7-4CF5-9032-C98FC0B0C58F}.Release|Any CPU.Build.0 = Release|iPhoneSimulator
		{8FF15C4B-84D7-4CF5-9032-C98FC0B0C58F}.Debug|iPhoneSimulator.ActiveCfg = Debug|iPhoneSimulator
		{8FF15C4B-84D7-4CF5-9032-C98FC0B0C58F}.Debug|iPhoneSimulator.Build.0 = Debug|iPhoneSimulator
		{8FF15C4B-84D7-4CF5-9032-C98FC0B0C58F}.Release|iPhoneSimulator.ActiveCfg = Release|iPhoneSimulator
		{8FF15C4B-84D7-4CF5-9032-C98FC0B0C58F}.Release|iPhoneSimulator.Build.0 = Release|iPhoneSimulator
		{8FF15C4B-84D7-4CF5-9032-C98FC0B0C58F}.Debug|iPhone.ActiveCfg = Debug|iPhone
		{8FF15C4B-84D7-4CF5-9032-C98FC0B0C58F}.Debug|iPhone.Build.0 = Debug|iPhone
		{8FF15C4B-84D7-4CF5-9032-C98FC0B0C58F}.Release|iPhone.ActiveCfg = Release|iPhone
		{8FF15C4B-84D7-4CF5-9032-C98FC0B0C58F}.Release|iPhone.Build.0 = Release|iPhone
		{8FF15C4B-84D7-4CF5-9032-C98FC0B0C58F}.Ad-Hoc|iPhone.ActiveCfg = Ad-Hoc|iPhone
		{8FF15C4B-84D7-4CF5-9032-C98FC0B0C58F}.Ad-Hoc|iPhone.Build.0 = Ad-Hoc|iPhone
		{8FF15C4B-84D7-4CF5-9032-C98FC0B0C58F}.AppStore|iPhone.ActiveCfg = AppStore|iPhone
		{8FF15C4B-84D7-4CF5-9032-C98FC0B0C58F}.AppStore|iPhone.Build.0 = AppStore|iPhone
		{BC7C8CA6-B599-4F7E-BCA0-B9B6CFC677F8}.Debug|Any CPU.ActiveCfg = Debug|Any CPU
		{BC7C8CA6-B599-4F7E-BCA0-B9B6CFC677F8}.Debug|Any CPU.Build.0 = Debug|Any CPU
		{BC7C8CA6-B599-4F7E-BCA0-B9B6CFC677F8}.Release|Any CPU.ActiveCfg = Release|Any CPU
		{BC7C8CA6-B599-4F7E-BCA0-B9B6CFC677F8}.Release|Any CPU.Build.0 = Release|Any CPU
		{BC7C8CA6-B599-4F7E-BCA0-B9B6CFC677F8}.Debug|iPhoneSimulator.ActiveCfg = Debug|Any CPU
		{BC7C8CA6-B599-4F7E-BCA0-B9B6CFC677F8}.Debug|iPhoneSimulator.Build.0 = Debug|Any CPU
		{BC7C8CA6-B599-4F7E-BCA0-B9B6CFC677F8}.Release|iPhoneSimulator.ActiveCfg = Release|Any CPU
		{BC7C8CA6-B599-4F7E-BCA0-B9B6CFC677F8}.Release|iPhoneSimulator.Build.0 = Release|Any CPU
		{BC7C8CA6-B599-4F7E-BCA0-B9B6CFC677F8}.Debug|iPhone.ActiveCfg = Debug|Any CPU
		{BC7C8CA6-B599-4F7E-BCA0-B9B6CFC677F8}.Debug|iPhone.Build.0 = Debug|Any CPU
		{BC7C8CA6-B599-4F7E-BCA0-B9B6CFC677F8}.Release|iPhone.ActiveCfg = Release|Any CPU
		{BC7C8CA6-B599-4F7E-BCA0-B9B6CFC677F8}.Release|iPhone.Build.0 = Release|Any CPU
		{BC7C8CA6-B599-4F7E-BCA0-B9B6CFC677F8}.Ad-Hoc|iPhone.ActiveCfg = Debug|Any CPU
		{BC7C8CA6-B599-4F7E-BCA0-B9B6CFC677F8}.Ad-Hoc|iPhone.Build.0 = Debug|Any CPU
		{BC7C8CA6-B599-4F7E-BCA0-B9B6CFC677F8}.AppStore|iPhone.ActiveCfg = Debug|Any CPU
		{BC7C8CA6-B599-4F7E-BCA0-B9B6CFC677F8}.AppStore|iPhone.Build.0 = Debug|Any CPU
	EndGlobalSection
EndGlobal
